# This file is machine-generated by `gh actions-lock`.
# Do not edit by hand; run `gh actions-lock` to update.
# Docs: https://gh.io/actions-lockfile
version: 'v0.0.2'
workflows:
    '.github/workflows/bench.yml':
        - 'actions/checkout@3d3c42e5aac5ba805825da76410c181273ba90b1'
    '.github/workflows/ci-post-merge.yml':
        - 'actions-rust-lang/setup-rust-toolchain@166cdcfd11aee3cb47222f9ddb555ce30ddb9659'
        - 'actions/checkout@3d3c42e5aac5ba805825da76410c181273ba90b1'
        - 'ilammy/setup-nasm@72793074d3c8cdda771dba85f6deafe00623038b'
        - 'rui314/setup-mold@9c9c13bf4c3f1adef0cc596abc155580bcb04444'
        - 'taiki-e/install-action@cb33e69fad06166ca28a42b2575e4dadabf62ee8'
    '.github/workflows/ci.yml':
        - 'actions-rust-lang/setup-rust-toolchain@166cdcfd11aee3cb47222f9ddb555ce30ddb9659'
        - 'actions/checkout@3d3c42e5aac5ba805825da76410c181273ba90b1'
        - 'ilammy/setup-nasm@72793074d3c8cdda771dba85f6deafe00623038b'
        - 'rui314/setup-mold@9c9c13bf4c3f1adef0cc596abc155580bcb04444'
        - 'taiki-e/install-action@cb33e69fad06166ca28a42b2575e4dadabf62ee8'
    '.github/workflows/coverage.yml':
        - 'actions-rust-lang/setup-rust-toolchain@166cdcfd11aee3cb47222f9ddb555ce30ddb9659'
        - 'actions/checkout@3d3c42e5aac5ba805825da76410c181273ba90b1'
        - 'actions/upload-code-coverage@1c15be36fc3733ba839b1dd643bd9556e4426dc1'
        - 'taiki-e/install-action@cb33e69fad06166ca28a42b2575e4dadabf62ee8'
    '.github/workflows/labeler.yml':
        - 'actions/checkout@3d3c42e5aac5ba805825da76410c181273ba90b1'
        - 'actions/labeler@bf12e9b00b37c5c0ca2b87b79b2daf7891dbda13'
    '.github/workflows/lint.yml':
        - 'actions-rust-lang/setup-rust-toolchain@166cdcfd11aee3cb47222f9ddb555ce30ddb9659'
        - 'actions/checkout@3d3c42e5aac5ba805825da76410c181273ba90b1'
        - 'embarkstudios/cargo-deny-action@3c6349835b2b7b196a839186cb8b78e02f7b5f25'
        - 'giraffate/clippy-action@13b9d32482f25d29ead141b79e7e04e7900281e0'
        - 'taiki-e/cache-cargo-install-action@9ee83daaa7b96a6fab930949ecf1122bba04a389'
        - 'taiki-e/install-action@cb33e69fad06166ca28a42b2575e4dadabf62ee8'
        - 'zizmorcore/zizmor-action@3dc1ecc9bcb9e94e9b2c709687979e1298497054'
    '.github/workflows/semver-checks.yml':
        - 'actions-rust-lang/setup-rust-toolchain@166cdcfd11aee3cb47222f9ddb555ce30ddb9659'
        - 'actions/checkout@3d3c42e5aac5ba805825da76410c181273ba90b1'
        - 'taiki-e/install-action@cb33e69fad06166ca28a42b2575e4dadabf62ee8'
dependencies:
    'actions-rust-lang/setup-rust-toolchain@166cdcfd11aee3cb47222f9ddb555ce30ddb9659':
        ref: 'v1.17.0'
        commit: 'sha1-166cdcfd11aee3cb47222f9ddb555ce30ddb9659'
        owner_id: 103899579
        repo_id: 482610590
        uses:
            - 'swatinem/rust-cache@c19371144df3bb44fab255c43d04cbc2ab54d1c4'
    'actions/cache@55cc8345863c7cc4c66a329aec7e433d2d1c52a9':
        ref: 'v6.1.0'
        commit: 'sha1-55cc8345863c7cc4c66a329aec7e433d2d1c52a9'
        owner_id: 44036562
        repo_id: 215566462
    'actions/checkout@3d3c42e5aac5ba805825da76410c181273ba90b1':
        ref: 'v7.0.1'
        commit: 'sha1-3d3c42e5aac5ba805825da76410c181273ba90b1'
        owner_id: 44036562
        repo_id: 197814629
    'actions/labeler@bf12e9b00b37c5c0ca2b87b79b2daf7891dbda13':
        ref: 'v7.0.0'
        commit: 'sha1-bf12e9b00b37c5c0ca2b87b79b2daf7891dbda13'
        owner_id: 44036562
        repo_id: 177139928
    'actions/upload-code-coverage@1c15be36fc3733ba839b1dd643bd9556e4426dc1':
        ref: 'v1.4.1'
        commit: 'sha1-1c15be36fc3733ba839b1dd643bd9556e4426dc1'
        owner_id: 44036562
        repo_id: 1220171870
    'embarkstudios/cargo-deny-action@3c6349835b2b7b196a839186cb8b78e02f7b5f25':
        ref: 'v2.1.1'
        commit: 'sha1-3c6349835b2b7b196a839186cb8b78e02f7b5f25'
        owner_id: 44887257
        repo_id: 228054692
    'giraffate/clippy-action@13b9d32482f25d29ead141b79e7e04e7900281e0':
        ref: 'v1.0.1'
        commit: 'sha1-13b9d32482f25d29ead141b79e7e04e7900281e0'
        owner_id: 17407489
        repo_id: 560300269
    'github/codeql-action@7188fc363630916deb702c7fdcf4e481b751f97a':
        ref: 'v4.37.1'
        commit: 'sha1-7188fc363630916deb702c7fdcf4e481b751f97a'
        owner_id: 9919
        repo_id: 259445878
    'ilammy/setup-nasm@72793074d3c8cdda771dba85f6deafe00623038b':
        ref: 'v1.5.2'
        commit: 'sha1-72793074d3c8cdda771dba85f6deafe00623038b'
        owner_id: 1256587
        repo_id: 211647646
    'rui314/setup-mold@9c9c13bf4c3f1adef0cc596abc155580bcb04444':
        ref: 'v1'
        commit: 'sha1-9c9c13bf4c3f1adef0cc596abc155580bcb04444'
        owner_id: 47400
        repo_id: 479867630
    'swatinem/rust-cache@c19371144df3bb44fab255c43d04cbc2ab54d1c4':
        ref: 'v2.9.1'
        commit: 'sha1-c19371144df3bb44fab255c43d04cbc2ab54d1c4'
        owner_id: 580492
        repo_id: 298565987
    'taiki-e/cache-cargo-install-action@9ee83daaa7b96a6fab930949ecf1122bba04a389':
        ref: 'v3.0.8'
        commit: 'sha1-9ee83daaa7b96a6fab930949ecf1122bba04a389'
        owner_id: 43724913
        repo_id: 588643148
        uses:
            - 'actions/cache@55cc8345863c7cc4c66a329aec7e433d2d1c52a9'
    'taiki-e/install-action@cb33e69fad06166ca28a42b2575e4dadabf62ee8':
        ref: 'v2.85.8'
        commit: 'sha1-cb33e69fad06166ca28a42b2575e4dadabf62ee8'
        owner_id: 43724913
        repo_id: 442947557
    'zizmorcore/zizmor-action@3dc1ecc9bcb9e94e9b2c709687979e1298497054':
        ref: 'v0.6.2'
        commit: 'sha1-3dc1ecc9bcb9e94e9b2c709687979e1298497054'
        owner_id: 210636713
        repo_id: 985558803
        uses:
            - 'github/codeql-action@7188fc363630916deb702c7fdcf4e481b751f97a'
