# This file is machine-generated by `gh actions-lock`.
# Do not edit by hand; run `gh actions-lock` to update.
# Docs: https://gh.io/actions-lockfile
version: 'v0.0.2'
workflows:
    '.github/workflows/bench.yml':
        - 'actions/checkout@9c091bb21b7c1c1d1991bb908d89e4e9dddfe3e0'
    '.github/workflows/ci-post-merge.yml':
        - 'actions-rust-lang/setup-rust-toolchain@166cdcfd11aee3cb47222f9ddb555ce30ddb9659'
        - 'actions/checkout@9c091bb21b7c1c1d1991bb908d89e4e9dddfe3e0'
        - 'ilammy/setup-nasm@72793074d3c8cdda771dba85f6deafe00623038b'
        - 'rui314/setup-mold@9c9c13bf4c3f1adef0cc596abc155580bcb04444'
        - 'taiki-e/install-action@4684b8405694ae9dd42c9f39ba901a70ae83f4a3'
    '.github/workflows/ci.yml':
        - 'actions-rust-lang/setup-rust-toolchain@166cdcfd11aee3cb47222f9ddb555ce30ddb9659'
        - 'actions/checkout@9c091bb21b7c1c1d1991bb908d89e4e9dddfe3e0'
        - 'embarkstudios/cargo-deny-action@bb137d7af7e4fb67e5f82a49c4fce4fad40782fe'
        - 'ilammy/setup-nasm@72793074d3c8cdda771dba85f6deafe00623038b'
        - 'rui314/setup-mold@9c9c13bf4c3f1adef0cc596abc155580bcb04444'
        - 'taiki-e/install-action@4684b8405694ae9dd42c9f39ba901a70ae83f4a3'
    '.github/workflows/coverage.yml':
        - 'actions-rust-lang/setup-rust-toolchain@166cdcfd11aee3cb47222f9ddb555ce30ddb9659'
        - 'actions/checkout@9c091bb21b7c1c1d1991bb908d89e4e9dddfe3e0'
        - 'actions/upload-code-coverage@a72ab75b4dee0e479386fb9bf33c8dcf64b9c772'
        - 'taiki-e/install-action@4684b8405694ae9dd42c9f39ba901a70ae83f4a3'
    '.github/workflows/labeler.yml':
        - 'actions/checkout@9c091bb21b7c1c1d1991bb908d89e4e9dddfe3e0'
        - 'actions/labeler@b8dd2d9be0f68b860e7dae5dae7d772984eacd6d'
    '.github/workflows/lint.yml':
        - 'actions-rust-lang/setup-rust-toolchain@166cdcfd11aee3cb47222f9ddb555ce30ddb9659'
        - 'actions/checkout@9c091bb21b7c1c1d1991bb908d89e4e9dddfe3e0'
        - 'giraffate/clippy-action@13b9d32482f25d29ead141b79e7e04e7900281e0'
        - 'taiki-e/cache-cargo-install-action@417450f3c33ee20393705369577571770643d4c7'
        - 'taiki-e/install-action@4684b8405694ae9dd42c9f39ba901a70ae83f4a3'
        - 'zizmorcore/zizmor-action@192e21d79ab29983730a13d1382995c2307fbcaa'
    '.github/workflows/semver-checks.yml':
        - 'actions-rust-lang/setup-rust-toolchain@166cdcfd11aee3cb47222f9ddb555ce30ddb9659'
        - 'actions/checkout@9c091bb21b7c1c1d1991bb908d89e4e9dddfe3e0'
        - 'taiki-e/install-action@4684b8405694ae9dd42c9f39ba901a70ae83f4a3'
dependencies:
    'actions-rust-lang/setup-rust-toolchain@166cdcfd11aee3cb47222f9ddb555ce30ddb9659':
        ref: '166cdcfd11aee3cb47222f9ddb555ce30ddb9659'
        commit: 'sha1-166cdcfd11aee3cb47222f9ddb555ce30ddb9659'
        owner_id: 103899579
        repo_id: 482610590
        uses:
            - 'swatinem/rust-cache@c19371144df3bb44fab255c43d04cbc2ab54d1c4'
    'actions/cache@27d5ce7f107fe9357f9df03efb73ab90386fccae':
        ref: 'v5.0.5'
        commit: 'sha1-27d5ce7f107fe9357f9df03efb73ab90386fccae'
        owner_id: 44036562
        repo_id: 215566462
    'actions/checkout@9c091bb21b7c1c1d1991bb908d89e4e9dddfe3e0':
        ref: '9c091bb21b7c1c1d1991bb908d89e4e9dddfe3e0'
        commit: 'sha1-9c091bb21b7c1c1d1991bb908d89e4e9dddfe3e0'
        owner_id: 44036562
        repo_id: 197814629
    'actions/labeler@b8dd2d9be0f68b860e7dae5dae7d772984eacd6d':
        ref: 'v6.2.0'
        commit: 'sha1-b8dd2d9be0f68b860e7dae5dae7d772984eacd6d'
        owner_id: 44036562
        repo_id: 177139928
    'actions/upload-code-coverage@a72ab75b4dee0e479386fb9bf33c8dcf64b9c772':
        ref: 'v1.4.0'
        commit: 'sha1-a72ab75b4dee0e479386fb9bf33c8dcf64b9c772'
        owner_id: 44036562
        repo_id: 1220171870
    'embarkstudios/cargo-deny-action@bb137d7af7e4fb67e5f82a49c4fce4fad40782fe':
        ref: 'bb137d7af7e4fb67e5f82a49c4fce4fad40782fe'
        commit: 'sha1-bb137d7af7e4fb67e5f82a49c4fce4fad40782fe'
        owner_id: 44887257
        repo_id: 228054692
    'giraffate/clippy-action@13b9d32482f25d29ead141b79e7e04e7900281e0':
        ref: '13b9d32482f25d29ead141b79e7e04e7900281e0'
        commit: 'sha1-13b9d32482f25d29ead141b79e7e04e7900281e0'
        owner_id: 17407489
        repo_id: 560300269
    'github/codeql-action@8aad20d150bbac5944a9f9d289da16a4b0d87c1e':
        ref: 'v4.36.2'
        commit: 'sha1-8aad20d150bbac5944a9f9d289da16a4b0d87c1e'
        owner_id: 9919
        repo_id: 259445878
    'ilammy/setup-nasm@72793074d3c8cdda771dba85f6deafe00623038b':
        ref: '72793074d3c8cdda771dba85f6deafe00623038b'
        commit: 'sha1-72793074d3c8cdda771dba85f6deafe00623038b'
        owner_id: 1256587
        repo_id: 211647646
    'rui314/setup-mold@9c9c13bf4c3f1adef0cc596abc155580bcb04444':
        ref: '9c9c13bf4c3f1adef0cc596abc155580bcb04444'
        commit: 'sha1-9c9c13bf4c3f1adef0cc596abc155580bcb04444'
        owner_id: 47400
        repo_id: 479867630
    'swatinem/rust-cache@c19371144df3bb44fab255c43d04cbc2ab54d1c4':
        ref: 'v2.9.1'
        commit: 'sha1-c19371144df3bb44fab255c43d04cbc2ab54d1c4'
        owner_id: 580492
        repo_id: 298565987
    'taiki-e/cache-cargo-install-action@417450f3c33ee20393705369577571770643d4c7':
        ref: '417450f3c33ee20393705369577571770643d4c7'
        commit: 'sha1-417450f3c33ee20393705369577571770643d4c7'
        owner_id: 43724913
        repo_id: 588643148
        uses:
            - 'actions/cache@27d5ce7f107fe9357f9df03efb73ab90386fccae'
    'taiki-e/install-action@4684b8405694ae9dd42c9f39ba901a70ae83f4a3':
        ref: '4684b8405694ae9dd42c9f39ba901a70ae83f4a3'
        commit: 'sha1-4684b8405694ae9dd42c9f39ba901a70ae83f4a3'
        owner_id: 43724913
        repo_id: 442947557
    'zizmorcore/zizmor-action@192e21d79ab29983730a13d1382995c2307fbcaa':
        ref: '192e21d79ab29983730a13d1382995c2307fbcaa'
        commit: 'sha1-192e21d79ab29983730a13d1382995c2307fbcaa'
        owner_id: 210636713
        repo_id: 985558803
        uses:
            - 'github/codeql-action@8aad20d150bbac5944a9f9d289da16a4b0d87c1e'
